
Microsoft Visual Studio Solution File, Format Version 12.00
# Visual Studio 15
VisualStudioVersion = 15.0.28307.329
MinimumVisualStudioVersion = 10.0.40219.1
Project("{FAE04EC0-301F-11D3-BF4B-00C04F79EFBC}") = "Xyaneon.Games.Cards", "Xyaneon.Games.Cards\Xyaneon.Games.Cards.csproj", "{4A4086C7-E0E0-400F-B929-1C42A0F4EC0A}"
EndProject
Global
	GlobalSection(SolutionConfigurationPlatforms) = preSolution
		Debug|Any CPU = Debug|Any CPU
		Release|Any CPU = Release|Any CPU
	EndGlobalSection
	GlobalSection(ProjectConfigurationPlatforms) = postSolution
		{4A4086C7-E0E0-400F-B929-1C42A0F4EC0A}.Debug|Any CPU.ActiveCfg = Debug|Any CPU
		{4A4086C7-E0E0-400F-B929-1C42A0F4EC0A}.Debug|Any CPU.Build.0 = Debug|Any CPU
		{4A4086C7-E0E0-400F-B929-1C42A0F4EC0A}.Release|Any CPU.ActiveCfg = Release|Any CPU
		{4A4086C7-E0E0-400F-B929-1C42A0F4EC0A}.Release|Any CPU.Build.0 = Release|Any CPU
	EndGlobalSection
	GlobalSection(SolutionProperties) = preSolution
		HideSolutionNode = FALSE
	EndGlobalSection
	GlobalSection(ExtensibilityGlobals) = postSolution
		SolutionGuid = {DDFBA3A2-2BEC-4E76-8218-66EF6C7DA0CC}
	EndGlobalSection
EndGlobal
